# @generated - this file is auto-generated by `mise lock` https://mise.jdx.dev/dev-tools/mise-lock.html

lockfile_version = 1

[[tools."cargo:cargo-audit"]]
version = "0.22.2"
backend = "cargo:cargo-audit"
specifiers = ["0.22.2"]

[[tools."cargo:cargo-deny"]]
version = "0.20.2"
backend = "cargo:cargo-deny"
specifiers = ["0.20.2"]

[[tools."cargo:cargo-outdated"]]
version = "0.19.0"
backend = "cargo:cargo-outdated"
specifiers = ["0.19.0"]

[[tools.node]]
version = "26.9.0"
backend = "core:node"
specifiers = ["26.9.0"]

[tools.node."platforms.linux-arm64"]
checksum = "sha256:d5077591aa38b48d90bf9b3ac10da8d2f40dce289b20294913c58c19f153eb12"
url = "https://nodejs.org/dist/v26.9.0/node-v26.9.0-linux-arm64.tar.gz"

[tools.node."platforms.linux-arm64-musl"]
checksum = "sha256:b52b747e86ef6d18068f02f43f508a608358c974dc5da8ef270bc823ba4710ca"
url = "https://unofficial-builds.nodejs.org/download/release/v26.9.0/node-v26.9.0-linux-arm64-musl.tar.gz"

[tools.node."platforms.linux-x64"]
checksum = "sha256:03d9104fc4f19652e74480fed11c023d75981464b7292f21a601c3f95ce7d90d"
url = "https://nodejs.org/dist/v26.9.0/node-v26.9.0-linux-x64.tar.gz"

[tools.node."platforms.linux-x64-musl"]
checksum = "sha256:669dd67ec374f7315dbac9e119641d0e4f371519e00c4b692f1f81e7a04b747c"
url = "https://unofficial-builds.nodejs.org/download/release/v26.9.0/node-v26.9.0-linux-x64-musl.tar.gz"

[tools.node."platforms.macos-arm64"]
checksum = "sha256:6f3de7ed853ee283b4bf24b6e426618f1d357401ce5815db1866eb85eb4b05d9"
url = "https://nodejs.org/dist/v26.9.0/node-v26.9.0-darwin-arm64.tar.gz"

[tools.node."platforms.macos-x64"]
checksum = "sha256:06b2e742ed9025dc84adc830243b3f731956eac9c321bccd0ede384209af02a8"
url = "https://nodejs.org/dist/v26.9.0/node-v26.9.0-darwin-x64.tar.gz"

[tools.node."platforms.windows-x64"]
checksum = "sha256:c8af870b5b3e9789a6cbdb30270e7c212e12d76a7afa7fc7f21b6b21cc22a71b"
url = "https://nodejs.org/dist/v26.9.0/node-v26.9.0-win-x64.zip"

[[tools.pnpm]]
version = "12.9.1"
backend = "github:pnpm/pnpm"
specifiers = ["12.9.1"]

[tools.pnpm."platforms.linux-arm64"]
checksum = "sha256:468294b77633d29889c6e4a79cefb1277eba30cd62e7d6a754218cb85a1d730d"
url = "https://github.com/pnpm/pnpm/releases/download/v12.9.1/pnpm-linux-arm64.tar.gz"
url_api = "https://api.github.com/repos/pnpm/pnpm/releases/assets/608496442"
provenance = "github-attestations"

[tools.pnpm."platforms.linux-arm64-musl"]
checksum = "sha256:11de22634b9eb543d2f6ae9ccbc728274fb9a7ee81ee1bc7e5e45bec876ebca8"
url = "https://github.com/pnpm/pnpm/releases/download/v12.9.1/pnpm-linux-arm64-musl.tar.gz"
url_api = "https://api.github.com/repos/pnpm/pnpm/releases/assets/608496446"
provenance = "github-attestations"

[tools.pnpm."platforms.linux-x64"]
checksum = "sha256:b4f58449ac02d9d24023ac89e17e05e8331f8ddc12ca1f489cf231bc2bb2bce1"
url = "https://github.com/pnpm/pnpm/releases/download/v12.9.1/pnpm-linux-x64.tar.gz"
url_api = "https://api.github.com/repos/pnpm/pnpm/releases/assets/608496438"
provenance = "github-attestations"

[tools.pnpm."platforms.linux-x64-musl"]
checksum = "sha256:7c52e6db59c9cd3837ae1ec0b96ab3209d3c42cb0e3a77f5db8cbe86661d85a6"
url = "https://github.com/pnpm/pnpm/releases/download/v12.9.1/pnpm-linux-x64-musl.tar.gz"
url_api = "https://api.github.com/repos/pnpm/pnpm/releases/assets/608496441"
provenance = "github-attestations"

[tools.pnpm."platforms.macos-arm64"]
checksum = "sha256:4dcea94654bc8f2189dfd591aea7af4adddd29243e4bfcc8d4c8b4289e7983ba"
url = "https://github.com/pnpm/pnpm/releases/download/v12.9.1/pnpm-darwin-arm64.tar.gz"
url_api = "https://api.github.com/repos/pnpm/pnpm/releases/assets/608496449"
provenance = "github-attestations"

[tools.pnpm."platforms.macos-x64"]
checksum = "sha256:e8b47f538f95167c57fdeacffc9cb3af82261217f31eb764151aaf500b76f1b3"
url = "https://github.com/pnpm/pnpm/releases/download/v12.9.1/pnpm-darwin-x64.tar.gz"
url_api = "https://api.github.com/repos/pnpm/pnpm/releases/assets/608496437"
provenance = "github-attestations"

[tools.pnpm."platforms.windows-x64"]
checksum = "sha256:2b30f6bc53228187881aeae604cc6cedf092641df30d3be1cf4cd3d17bf630f5"
url = "https://github.com/pnpm/pnpm/releases/download/v12.9.1/pnpm-win32-x64.zip"
url_api = "https://api.github.com/repos/pnpm/pnpm/releases/assets/608496448"
provenance = "github-attestations"

[[tools.rust]]
version = "1.99.0"
backend = "core:rust"
specifiers = ["1.99.0"]
